
Microsoft Visual Studio Solution File, Format Version 12.00
Project("{FAE04EC0-301F-11D3-BF4B-00C04F79EFBC}") = "WebAppWithAuthenticationApi", "WebAppWithAuthenticationApi\WebAppWithAuthenticationApi.csproj", "{C9AD5BEE-6258-457A-9DF2-68891FB5591D}"
EndProject
Project("{2150E333-8FDC-42A3-9474-1A3956D46DE8}") = "WebAppWithAuthenticationUI", "WebAppWithAuthenticationUI", "{31CBCC20-D7A0-4974-B110-28DD3CB862A1}"
	ProjectSection(SolutionItems) = preProject
		WebAppWithAuthenticationUI\Dockerfile = WebAppWithAuthenticationUI\Dockerfile
		WebAppWithAuthenticationUI\.dockerignore = WebAppWithAuthenticationUI\.dockerignore
	EndProjectSection
EndProject
Global
	GlobalSection(SolutionConfigurationPlatforms) = preSolution
		Debug|Any CPU = Debug|Any CPU
		Release|Any CPU = Release|Any CPU
	EndGlobalSection
	GlobalSection(ProjectConfigurationPlatforms) = postSolution
		{C9AD5BEE-6258-457A-9DF2-68891FB5591D}.Debug|Any CPU.ActiveCfg = Debug|Any CPU
		{C9AD5BEE-6258-457A-9DF2-68891FB5591D}.Debug|Any CPU.Build.0 = Debug|Any CPU
		{C9AD5BEE-6258-457A-9DF2-68891FB5591D}.Release|Any CPU.ActiveCfg = Release|Any CPU
		{C9AD5BEE-6258-457A-9DF2-68891FB5591D}.Release|Any CPU.Build.0 = Release|Any CPU
	EndGlobalSection
EndGlobal
